dependencies:
  espressif/bme280:
    component_hash: 873d97d0bd30004f45d1653f078a4bafe39c1767e57d4bae0f0a13bc3a4d5e3d
    dependencies:
    - name: espressif/cmake_utilities
      registry_url: https://components.espressif.com
      require: private
      version: 0.*
    - name: espressif/i2c_bus
      registry_url: https://components.espressif.com
      require: public
      version: '*'
    - name: idf
      require: private
      version: '>=4.4'
    source:
      registry_url: https://components.espressif.com/
      type: service
    version: 0.1.1
  espressif/cmake_utilities:
    component_hash: 351350613ceafba240b761b4ea991e0f231ac7a9f59a9ee901f751bddc0bb18f
    dependencies:
    - name: idf
      require: private
      version: '>=4.1'
    source:
      registry_url: https://components.espressif.com
      type: service
    version: 0.5.3
  espressif/i2c_bus:
    component_hash: 4e990dc11734316186b489b362c61d41f23f79d58bc169795cec215e528cba14
    dependencies:
    - name: espressif/cmake_utilities
      registry_url: https://components.espressif.com
      require: private
      version: '*'
    - name: idf
      require: private
      version: '>=4.0'
    source:
      registry_url: https://components.espressif.com
      type: service
    version: 1.5.0
  idf:
    source:
      type: idf
    version: 5.5.1
  k0i05/esp_ssd1306:
    component_hash: 0bda01e422bdefe42b0760b2e3d3e840d57f5adc555fe40a267ecb918d9b63a2
    dependencies:
    - name: idf
      require: private
      version: '>5.3.0'
    - name: k0i05/esp_type_utils
      registry_url: https://components.espressif.com
      require: private
      version: '>=1.0.0'
    source:
      registry_url: https://components.espressif.com/
      type: service
    version: 1.2.7
  k0i05/esp_type_utils:
    component_hash: 95d8ec40268e045f7e264d8035f451e53844b4a2f6d5f112ece6645c5effd639
    dependencies:
    - name: idf
      require: private
      version: '>5.3.0'
    source:
      registry_url: https://components.espressif.com
      type: service
    version: 1.2.7
direct_dependencies:
- espressif/bme280
- idf
- k0i05/esp_ssd1306
manifest_hash: 3328b46957f6f7239000a475e5bf74d0170a39219edd40066a76be4c119dfc25
target: esp32
version: 2.0.0
